<?xml version="1.0" encoding="UTF-8" standalone="yes" ?>
<CodeBlocks_project_file>
	<FileVersion major="1" minor="6" />
	<Project>
		<Option title="Mini Database for XML" />
		<Option platforms="Unix;" />
		<Option execution_dir="/home/administrator/Dokumenty/MiniDBXML/Projekt/src" />
		<Option pch_mode="2" />
		<Option compiler="gcc" />
		<Option virtualFolders="modules/;core/;config/;" />
		<Option show_notes="0">
			<notes>
				<![CDATA[counter_e++;
                        if(counter_e>=dane.size())
                        {
                            dane.resize(dane.size()+1);
                        }
                        if(dane[counter_e].size()==0)
                        {
                            dane[counter_e].push_back(" ");
                        }
                        dane[counter_e].push_back(mem->substr(i+name_tag_->length(),m-name_tag->length()+1)) ;]]>
			</notes>
		</Option>
		<Build>
			<Target title="Debug">
				<Option platforms="Unix;Mac;" />
				<Option output="bin/Debug/MiniDBXML" prefix_auto="1" extension_auto="1" />
				<Option working_dir="../." />
				<Option object_output="obj/Debug/" />
				<Option type="1" />
				<Option compiler="gcc" />
				<Compiler>
					<Add option="-fexpensive-optimizations" />
					<Add option="-O3" />
					<Add option="-O2" />
					<Add option="-O1" />
					<Add option="-g" />
				</Compiler>
			</Target>
			<Target title="Release">
				<Option output="bin/Release/MiniDBXML" prefix_auto="1" extension_auto="1" />
				<Option object_output="obj/Release/" />
				<Option type="1" />
				<Option compiler="gcc" />
				<Compiler>
					<Add option="-O2" />
				</Compiler>
				<Linker>
					<Add option="-s" />
				</Linker>
			</Target>
		</Build>
		<Compiler>
			<Add option="-march=pentium4" />
			<Add option="-fexpensive-optimizations" />
			<Add option="-Os" />
			<Add option="-O3" />
			<Add option="-O2" />
			<Add option="-O1" />
			<Add option="-O" />
			<Add option="-Wall" />
			<Add option="-g" />
		</Compiler>
		<Unit filename="src/conf/preferences.conf">
			<Option virtualFolder="config/" />
		</Unit>
		<Unit filename="src/core-include.h">
			<Option virtualFolder="core/" />
		</Unit>
		<Unit filename="src/core-prefs.cpp">
			<Option link="0" />
			<Option virtualFolder="core/" />
		</Unit>
		<Unit filename="src/core.cpp">
			<Option link="0" />
			<Option virtualFolder="core/" />
		</Unit>
		<Unit filename="src/main.cpp" />
		<Unit filename="src/modules/multidb.cpp">
			<Option link="0" />
			<Option virtualFolder="modules/" />
		</Unit>
		<Unit filename="src/modules/security.h">
			<Option virtualFolder="modules/" />
		</Unit>
		<Unit filename="src/version.h" />
		<Extensions>
			<code_completion />
			<envvars />
			<lib_finder disable_auto="1" />
			<debugger />
			<AutoVersioning>
				<Scheme minor_max="1000" build_max="0" rev_max="0" rev_rand_max="1" build_times_to_increment_minor="1" />
				<Settings autoincrement="0" date_declarations="1" do_auto_increment="0" ask_to_increment="1" language="C++" svn="1" svn_directory="/home/administrator/Dokumenty/MiniDBXML/SVN/MiniDBXML-0.0.7/r2/.svn" header_path="src/version.h" />
				<Changes_Log show_changes_editor="1" app_title="released version %M.%m.%b of %p" changeslog_path="Projekt/changes_s.txt" />
				<Code header_guard="VERSION_H" namespace="AutoVersion" prefix=" " />
			</AutoVersioning>
			<wxsmith version="1">
				<gui name="wxWidgets" src="" main="" init_handlers="necessary" language="CPP" />
			</wxsmith>
		</Extensions>
	</Project>
</CodeBlocks_project_file>
